github.com/klauspost/compress v1.17.9 h1:6KIumPrER1LHsvBVuDa0r5xaG0Es51mhhB9BQB2qeMA=
github.com/klauspost/compress v1.17.9/go.mod h1:Di0epgTjJY877eYKx5yC51cX2A2Vl2ibi7bDH9ttBbw=
github.com/philhofer/fwd v1.1.3-0.20240612014219-fbbf4953d986 h1:jYi87L8j62qkXzaYHAQAhEapgukhenIMZRBKTNRLHJ4=
github.com/philhofer/fwd v1.1.3-0.20240612014219-fbbf4953d986/go.mod h1:RqIHx9QI14HlwKwm98g9Re5prTQ6LdeRQn+gXJFxsJM=
github.com/tinylib/msgp v1.2.0 h1:0uKB/662twsVBpYUPbokj4sTSKhWFKB7LopO2kWK8lY=
github.com/tinylib/msgp v1.2.0/go.mod h1:2vIGs3lcUo8izAATNobrCHevYZC/LMsJtw4JPiYPHro=
